# THIS IS AN AUTOGENERATED FILE. DO NOT EDIT THIS FILE DIRECTLY.
# yarn lockfile v1


"@aashutoshrathi/word-wrap@^1.2.3":
  version "1.2.6"
  resolved "https://registry.yarnpkg.com/@aashutoshrathi/word-wrap/-/word-wrap-1.2.6.tgz#bd9154aec9983f77b3a034ecaa015c2e4201f6cf"

"@eslint-community/eslint-utils@^4.2.0":
  version "4.2.0"
  resolved "https://registry.yarnpkg.com/@eslint-community/eslint-utils/-/eslint-utils-4.2.0.tgz#a831e6e468b4b2b5ae42bf658bea015bf10bc518"
  dependencies:
    eslint-visitor-keys "^3.3.0"

"@eslint-community/regexpp@^4.11.0":
  version "4.11.0"
  resolved "https://registry.yarnpkg.com/@eslint-community/regexpp/-/regexpp-4.11.0.tgz#b0ffd0312b4a3fd2d6f77237e7248a5ad3a680ae"

"@eslint/config-array@^0.18.0":
  version "0.18.0"
  resolved "https://registry.yarnpkg.com/@eslint/config-array/-/config-array-0.18.0.tgz#37d8fe656e0d5e3dbaea7758ea56540867fd074d"
  dependencies:
    "@eslint/object-schema" "^2.1.4"
    debug "^4.3.1"
    minimatch "^3.1.2"

"@eslint/core@^0.7.0":
  version "0.7.0"
  resolved "https://registry.yarnpkg.com/@eslint/core/-/core-0.7.0.tgz#a1bb4b6a4e742a5ff1894b7ee76fbf884ec72bd3"

"@eslint/eslintrc@^3.1.0":
  version "3.1.0"
  resolved "https://registry.yarnpkg.com/@eslint/eslintrc/-/eslintrc-3.1.0.tgz#dbd3482bfd91efa663cbe7aa1f506839868207b6"
  dependencies:
    ajv "^6.12.4"
    debug "^4.3.2"
    espree "^10.0.1"
    globals "^14.0.0"
    ignore "^5.2.0"
    import-fresh "^3.2.1"
    js-yaml "^4.1.0"
    minimatch "^3.1.2"
    strip-json-comments "^3.1.1"

"@eslint/js@9.13.0":
  version "9.13.0"
  resolved "https://registry.yarnpkg.com/@eslint/js/-/js-9.13.0.tgz#c5f89bcd57eb54d5d4fa8b77693e9c28dc97e547"

"@eslint/object-schema@^2.1.4":
  version "2.1.4"
  resolved "https://registry.yarnpkg.com/@eslint/object-schema/-/object-schema-2.1.4.tgz#9e69f8bb4031e11df79e03db09f9dbbae1740843"

"@eslint/plugin-kit@^0.2.0":
  version "0.2.0"
  resolved "https://registry.yarnpkg.com/@eslint/plugin-kit/-/plugin-kit-0.2.0.tgz#8712dccae365d24e9eeecb7b346f85e750ba343d"
  dependencies:
    levn "^0.4.1"

"@gitbeaker/core@^38.12.1":
  version "38.12.1"
  resolved "https://registry.yarnpkg.com/@gitbeaker/core/-/core-38.12.1.tgz#d75d9f829aed9957a75c798d454324285366d0de"
  dependencies:
    "@gitbeaker/requester-utils" "^38.12.1"
    qs "^6.11.1"
    xcase "^2.0.1"

"@gitbeaker/requester-utils@^38.12.1":
  version "38.12.1"
  resolved "https://registry.yarnpkg.com/@gitbeaker/requester-utils/-/requester-utils-38.12.1.tgz#8917647521e518ba74425c78a6dd91cf5787b4dc"
  dependencies:
    qs "^6.11.1"
    xcase "^2.0.1"

"@gitbeaker/rest@^38.0.0":
  version "38.12.1"
  resolved "https://registry.yarnpkg.com/@gitbeaker/rest/-/rest-38.12.1.tgz#93c57104234ba9f4bd61959dca1e11a569089619"
  dependencies:
    "@gitbeaker/core" "^38.12.1"
    "@gitbeaker/requester-utils" "^38.12.1"

"@humanfs/core@^0.19.0":
  version "0.19.0"
  resolved "https://registry.yarnpkg.com/@humanfs/core/-/core-0.19.0.tgz#08db7a8c73bb07673d9ebd925f2dad746411fcec"

"@humanfs/node@^0.16.5":
  version "0.16.5"
  resolved "https://registry.yarnpkg.com/@humanfs/node/-/node-0.16.5.tgz#a9febb7e7ad2aff65890fdc630938f8d20aa84ba"
  dependencies:
    "@humanfs/core" "^0.19.0"
    "@humanwhocodes/retry" "^0.3.0"

"@humanwhocodes/module-importer@^1.0.1":
  version "1.0.1"
  resolved "https://registry.yarnpkg.com/@humanwhocodes/module-importer/-/module-importer-1.0.1.tgz#af5b2691a22b44be847b0ca81641c5fb6ad0172c"

"@humanwhocodes/retry@^0.3.0", "@humanwhocodes/retry@^0.3.1":
  version "0.3.1"
  resolved "https://registry.yarnpkg.com/@humanwhocodes/retry/-/retry-0.3.1.tgz#c72a5c76a9fbaf3488e231b13dc52c0da7bab42a"

"@octokit/auth-token@^2.4.4":
  version "2.5.0"
  resolved "https://registry.yarnpkg.com/@octokit/auth-token/-/auth-token-2.5.0.tgz#27c37ea26c205f28443402477ffd261311f21e36"
  dependencies:
    "@octokit/types" "^6.0.3"

"@octokit/core@^3.5.1":
  version "3.6.0"
  resolved "https://registry.yarnpkg.com/@octokit/core/-/core-3.6.0.tgz#3376cb9f3008d9b3d110370d90e0a1fcd5fe6085"
  dependencies:
    "@octokit/auth-token" "^2.4.4"
    "@octokit/graphql" "^4.5.8"
    "@octokit/request" "^5.6.3"
    "@octokit/request-error" "^2.0.5"
    "@octokit/types" "^6.0.3"
    before-after-hook "^2.2.0"
    universal-user-agent "^6.0.0"

"@octokit/endpoint@^6.0.1":
  version "6.0.12"
  resolved "https://registry.yarnpkg.com/@octokit/endpoint/-/endpoint-6.0.12.tgz#3b4d47a4b0e79b1027fb8d75d4221928b2d05658"
  dependencies:
    "@octokit/types" "^6.0.3"
    is-plain-object "^5.0.0"
    universal-user-agent "^6.0.0"

"@octokit/graphql@^4.5.8":
  version "4.8.0"
  resolved "https://registry.yarnpkg.com/@octokit/graphql/-/graphql-4.8.0.tgz#664d9b11c0e12112cbf78e10f49a05959aa22cc3"
  dependencies:
    "@octokit/request" "^5.6.0"
    "@octokit/types" "^6.0.3"
    universal-user-agent "^6.0.0"

"@octokit/openapi-types@^12.11.0":
  version "12.11.0"
  resolved "https://registry.yarnpkg.com/@octokit/openapi-types/-/openapi-types-12.11.0.tgz#da5638d64f2b919bca89ce6602d059f1b52d3ef0"

"@octokit/plugin-paginate-rest@^2.16.8":
  version "2.21.3"
  resolved "https://registry.yarnpkg.com/@octokit/plugin-paginate-rest/-/plugin-paginate-rest-2.21.3.tgz#7f12532797775640dbb8224da577da7dc210c87e"
  dependencies:
    "@octokit/types" "^6.40.0"

"@octokit/plugin-request-log@^1.0.4":
  version "1.0.4"
  resolved "https://registry.yarnpkg.com/@octokit/plugin-request-log/-/plugin-request-log-1.0.4.tgz#5e50ed7083a613816b1e4a28aeec5fb7f1462e85"

"@octokit/plugin-rest-endpoint-methods@^5.12.0":
  version "5.16.2"
  resolved "https://registry.yarnpkg.com/@octokit/plugin-rest-endpoint-methods/-/plugin-rest-endpoint-methods-5.16.2.tgz#7ee8bf586df97dd6868cf68f641354e908c25342"
  dependencies:
    "@octokit/types" "^6.39.0"
    deprecation "^2.3.1"

"@octokit/request-error@^2.0.5", "@octokit/request-error@^2.1.0":
  version "2.1.0"
  resolved "https://registry.yarnpkg.com/@octokit/request-error/-/request-error-2.1.0.tgz#9e150357831bfc788d13a4fd4b1913d60c74d677"
  dependencies:
    "@octokit/types" "^6.0.3"
    deprecation "^2.0.0"
    once "^1.4.0"

"@octokit/request@^5.6.0", "@octokit/request@^5.6.3":
  version "5.6.3"
  resolved "https://registry.yarnpkg.com/@octokit/request/-/request-5.6.3.tgz#19a022515a5bba965ac06c9d1334514eb50c48b0"
  dependencies:
    "@octokit/endpoint" "^6.0.1"
    "@octokit/request-error" "^2.1.0"
    "@octokit/types" "^6.16.1"
    is-plain-object "^5.0.0"
    node-fetch "^2.6.7"
    universal-user-agent "^6.0.0"

"@octokit/rest@^16.43.0 || ^17.11.0 || ^18.12.0", "@octokit/rest@^18.12.0":
  version "18.12.0"
  resolved "https://registry.yarnpkg.com/@octokit/rest/-/rest-18.12.0.tgz#f06bc4952fc87130308d810ca9d00e79f6988881"
  dependencies:
    "@octokit/core" "^3.5.1"
    "@octokit/plugin-paginate-rest" "^2.16.8"
    "@octokit/plugin-request-log" "^1.0.4"
    "@octokit/plugin-rest-endpoint-methods" "^5.12.0"

"@octokit/types@^6.0.3", "@octokit/types@^6.16.1", "@octokit/types@^6.39.0", "@octokit/types@^6.40.0":
  version "6.41.0"
  resolved "https://registry.yarnpkg.com/@octokit/types/-/types-6.41.0.tgz#e58ef78d78596d2fb7df9c6259802464b5f84a04"
  dependencies:
    "@octokit/openapi-types" "^12.11.0"

"@tootallnate/once@2":
  version "2.0.0"
  resolved "https://registry.yarnpkg.com/@tootallnate/once/-/once-2.0.0.tgz#f544a148d3ab35801c1f633a7441fd87c2e484bf"

"@types/estree@^1.0.6":
  version "1.0.6"
  resolved "https://registry.yarnpkg.com/@types/estree/-/estree-1.0.6.tgz#628effeeae2064a1b4e79f78e81d87b7e5fc7b50"

"@types/json-schema@^7.0.15":
  version "7.0.15"
  resolved "https://registry.yarnpkg.com/@types/json-schema/-/json-schema-7.0.15.tgz#596a1747233694d50f6ad8a7869fcb6f56cf5841"

acorn-jsx@^5.3.2:
  version "5.3.2"
  resolved "https://registry.yarnpkg.com/acorn-jsx/-/acorn-jsx-5.3.2.tgz#7ed5bb55908b3b2f1bc55c6af1653bada7f07937"

acorn@^8.12.0:
  version "8.12.0"
  resolved "https://registry.yarnpkg.com/acorn/-/acorn-8.12.0.tgz#1627bfa2e058148036133b8d9b51a700663c294c"

agent-base@6:
  version "6.0.2"
  resolved "https://registry.yarnpkg.com/agent-base/-/agent-base-6.0.2.tgz#49fff58577cfee3f37176feab4c22e00f86d7f77"
  dependencies:
    debug "4"

ajv@^6.12.4:
  version "6.12.6"
  resolved "https://registry.yarnpkg.com/ajv/-/ajv-6.12.6.tgz#baf5a62e802b07d977034586f8c3baf5adf26df4"
  dependencies:
    fast-deep-equal "^3.1.1"
    fast-json-stable-stringify "^2.0.0"
    json-schema-traverse "^0.4.1"
    uri-js "^4.2.2"

ansi-styles@^3.2.1:
  version "3.2.1"
  resolved "https://registry.yarnpkg.com/ansi-styles/-/ansi-styles-3.2.1.tgz#41fbb20243e50b12be0f04b8dedbf07520ce841d"
  dependencies:
    color-convert "^1.9.0"

ansi-styles@^4.1.0:
  version "4.3.0"
  resolved "https://registry.yarnpkg.com/ansi-styles/-/ansi-styles-4.3.0.tgz#edd803628ae71c04c85ae7a0906edad34b648937"
  dependencies:
    color-convert "^2.0.1"

argparse@^2.0.1:
  version "2.0.1"
  resolved "https://registry.yarnpkg.com/argparse/-/argparse-2.0.1.tgz#246f50f3ca78a3240f6c997e8a9bd1eac49e4b38"

async-retry@1.2.3:
  version "1.2.3"
  resolved "https://registry.yarnpkg.com/async-retry/-/async-retry-1.2.3.tgz#a6521f338358d322b1a0012b79030c6f411d1ce0"
  dependencies:
    retry "0.12.0"

balanced-match@^1.0.0:
  version "1.0.2"
  resolved "https://registry.yarnpkg.com/balanced-match/-/balanced-match-1.0.2.tgz#e83e3a7e3f300b34cb9d87f615fa0cbf357690ee"

before-after-hook@^2.2.0:
  version "2.2.3"
  resolved "https://registry.yarnpkg.com/before-after-hook/-/before-after-hook-2.2.3.tgz#c51e809c81a4e354084422b9b26bad88249c517c"

brace-expansion@^1.1.7:
  version "1.1.11"
  resolved "https://registry.yarnpkg.com/brace-expansion/-/brace-expansion-1.1.11.tgz#3c7fcbf529d87226f3d2f52b966ff5271eb441dd"
  dependencies:
    balanced-match "^1.0.0"
    concat-map "0.0.1"

braces@^3.0.3:
  version "3.0.3"
  resolved "https://registry.yarnpkg.com/braces/-/braces-3.0.3.tgz#490332f40919452272d55a8480adc0c441358789"
  dependencies:
    fill-range "^7.1.1"

buffer-equal-constant-time@1.0.1:
  version "1.0.1"
  resolved "https://registry.yarnpkg.com/buffer-equal-constant-time/-/buffer-equal-constant-time-1.0.1.tgz#f8e71132f7ffe6e01a5c9697a4c6f3e48d5cc819"

call-bind@^1.0.7:
  version "1.0.7"
  resolved "https://registry.yarnpkg.com/call-bind/-/call-bind-1.0.7.tgz#06016599c40c56498c18769d2730be242b6fa3b9"
  dependencies:
    es-define-property "^1.0.0"
    es-errors "^1.3.0"
    function-bind "^1.1.2"
    get-intrinsic "^1.2.4"
    set-function-length "^1.2.1"

callsites@^3.0.0:
  version "3.1.0"
  resolved "https://registry.yarnpkg.com/callsites/-/callsites-3.1.0.tgz#b3630abd8943432f54b3f0519238e33cd7df2f73"

chalk@^2.3.0:
  version "2.4.2"
  resolved "https://registry.yarnpkg.com/chalk/-/chalk-2.4.2.tgz#cd42541677a54333cf541a49108c1432b44c9424"
  dependencies:
    ansi-styles "^3.2.1"
    escape-string-regexp "^1.0.5"
    supports-color "^5.3.0"

chalk@^4.0.0:
  version "4.1.2"
  resolved "https://registry.yarnpkg.com/chalk/-/chalk-4.1.2.tgz#aac4e2b7734a740867aeb16bf02aad556a1e7a01"
  dependencies:
    ansi-styles "^4.1.0"
    supports-color "^7.1.0"

color-convert@^1.9.0:
  version "1.9.3"
  resolved "https://registry.yarnpkg.com/color-convert/-/color-convert-1.9.3.tgz#bb71850690e1f136567de629d2d5471deda4c1e8"
  dependencies:
    color-name "1.1.3"

color-convert@^2.0.1:
  version "2.0.1"
  resolved "https://registry.yarnpkg.com/color-convert/-/color-convert-2.0.1.tgz#72d3a68d598c9bdb3af2ad1e84f21d896abd4de3"
  dependencies:
    color-name "~1.1.4"

color-name@1.1.3:
  version "1.1.3"
  resolved "https://registry.yarnpkg.com/color-name/-/color-name-1.1.3.tgz#a7d0558bd89c42f795dd42328f740831ca53bc25"

color-name@~1.1.4:
  version "1.1.4"
  resolved "https://registry.yarnpkg.com/color-name/-/color-name-1.1.4.tgz#c2a09a87acbde69543de6f63fa3995c826c536a2"

colors@1.4.0:
  version "1.4.0"
  resolved "https://registry.yarnpkg.com/colors/-/colors-1.4.0.tgz#c50491479d4c1bdaed2c9ced32cf7c7dc2360f78"

commander@^2.18.0:
  version "2.20.3"
  resolved "https://registry.yarnpkg.com/commander/-/commander-2.20.3.tgz#fd485e84c03eb4881c20722ba48035e8531aeb33"

concat-map@0.0.1:
  version "0.0.1"
  resolved "https://registry.yarnpkg.com/concat-map/-/concat-map-0.0.1.tgz#d8a96bd77fd68df7793a73036a3ba0d5405d477b"

core-js@^3.8.2:
  version "3.38.1"
  resolved "https://registry.yarnpkg.com/core-js/-/core-js-3.38.1.tgz#aa375b79a286a670388a1a363363d53677c0383e"

cross-spawn@^7.0.2:
  version "7.0.3"
  resolved "https://registry.yarnpkg.com/cross-spawn/-/cross-spawn-7.0.3.tgz#f73a85b9d5d41d045551c177e2882d4ac85728a6"
  dependencies:
    path-key "^3.1.0"
    shebang-command "^2.0.0"
    which "^2.0.1"

danger@^12.3.3:
  version "12.3.3"
  resolved "https://registry.yarnpkg.com/danger/-/danger-12.3.3.tgz#48bfebf0318105101d06a358e57495a652d29758"
  dependencies:
    "@gitbeaker/rest" "^38.0.0"
    "@octokit/rest" "^18.12.0"
    async-retry "1.2.3"
    chalk "^2.3.0"
    commander "^2.18.0"
    core-js "^3.8.2"
    debug "^4.1.1"
    fast-json-patch "^3.0.0-1"
    get-stdin "^6.0.0"
    http-proxy-agent "^5.0.0"
    https-proxy-agent "^5.0.1"
    hyperlinker "^1.0.0"
    json5 "^2.2.3"
    jsonpointer "^5.0.0"
    jsonwebtoken "^9.0.0"
    lodash.find "^4.6.0"
    lodash.includes "^4.3.0"
    lodash.isobject "^3.0.2"
    lodash.keys "^4.0.8"
    lodash.mapvalues "^4.6.0"
    lodash.memoize "^4.1.2"
    memfs-or-file-map-to-github-branch "^1.2.1"
    micromatch "^4.0.4"
    node-cleanup "^2.1.2"
    node-fetch "^2.6.7"
    override-require "^1.1.1"
    p-limit "^2.1.0"
    parse-diff "^0.7.0"
    parse-git-config "^2.0.3"
    parse-github-url "^1.0.2"
    parse-link-header "^2.0.0"
    pinpoint "^1.1.0"
    prettyjson "^1.2.1"
    readline-sync "^1.4.9"
    regenerator-runtime "^0.13.9"
    require-from-string "^2.0.2"
    supports-hyperlinks "^1.0.1"

debug@4, debug@^4.1.1:
  version "4.3.7"
  resolved "https://registry.yarnpkg.com/debug/-/debug-4.3.7.tgz#87945b4151a011d76d95a198d7111c865c360a52"
  dependencies:
    ms "^2.1.3"

debug@^4.3.1, debug@^4.3.2:
  version "4.3.4"
  resolved "https://registry.yarnpkg.com/debug/-/debug-4.3.4.tgz#1319f6579357f2338d3337d2cdd4914bb5dcc865"
  dependencies:
    ms "2.1.2"

deep-is@^0.1.3:
  version "0.1.4"
  resolved "https://registry.yarnpkg.com/deep-is/-/deep-is-0.1.4.tgz#a6f2dce612fadd2ef1f519b73551f17e85199831"

define-data-property@^1.1.2:
  version "1.1.4"
  resolved "https://registry.yarnpkg.com/define-data-property/-/define-data-property-1.1.4.tgz#894dc141bb7d3060ae4366f6a0107e68fbe48c5e"
  dependencies:
    es-define-property "^1.0.0"
    es-errors "^1.3.0"
    gopd "^1.0.1"

deprecation@^2.0.0, deprecation@^2.3.1:
  version "2.3.1"
  resolved "https://registry.yarnpkg.com/deprecation/-/deprecation-2.3.1.tgz#6368cbdb40abf3373b525ac87e4a260c3a700919"

diacritics@^1.3.0:
  version "1.3.0"
  resolved "https://registry.yarnpkg.com/diacritics/-/diacritics-1.3.0.tgz#3efa87323ebb863e6696cebb0082d48ff3d6f7a1"

ecdsa-sig-formatter@1.0.11:
  version "1.0.11"
  resolved "https://registry.yarnpkg.com/ecdsa-sig-formatter/-/ecdsa-sig-formatter-1.0.11.tgz#ae0f0fa2d85045ef14a817daa3ce9acd0489e5bf"
  dependencies:
    safe-buffer "^5.0.1"

es-define-property@^1.0.0:
  version "1.0.0"
  resolved "https://registry.yarnpkg.com/es-define-property/-/es-define-property-1.0.0.tgz#c7faefbdff8b2696cf5f46921edfb77cc4ba3845"
  dependencies:
    get-intrinsic "^1.2.4"

es-errors@^1.3.0:
  version "1.3.0"
  resolved "https://registry.yarnpkg.com/es-errors/-/es-errors-1.3.0.tgz#05f75a25dab98e4fb1dcd5e1472c0546d5057c8f"

escape-string-regexp@^1.0.5:
  version "1.0.5"
  resolved "https://registry.yarnpkg.com/escape-string-regexp/-/escape-string-regexp-1.0.5.tgz#1b61c0562190a8dff6ae3bb2cf0200ca130b86d4"

escape-string-regexp@^4.0.0:
  version "4.0.0"
  resolved "https://registry.yarnpkg.com/escape-string-regexp/-/escape-string-regexp-4.0.0.tgz#14ba83a5d373e3d311e5afca29cf5bfad965bf34"

eslint-formatter-compact@^8.40.0:
  version "8.40.0"
  resolved "https://registry.yarnpkg.com/eslint-formatter-compact/-/eslint-formatter-compact-8.40.0.tgz#d7455b2d75fd70e8c0e7a98a5e189f168e9dfe2d"

eslint-scope@^8.1.0:
  version "8.1.0"
  resolved "https://registry.yarnpkg.com/eslint-scope/-/eslint-scope-8.1.0.tgz#70214a174d4cbffbc3e8a26911d8bf51b9ae9d30"
  dependencies:
    esrecurse "^4.3.0"
    estraverse "^5.2.0"

eslint-visitor-keys@^3.3.0:
  version "3.4.3"
  resolved "https://registry.yarnpkg.com/eslint-visitor-keys/-/eslint-visitor-keys-3.4.3.tgz#0cd72fe8550e3c2eae156a96a4dddcd1c8ac5800"

eslint-visitor-keys@^4.1.0:
  version "4.1.0"
  resolved "https://registry.yarnpkg.com/eslint-visitor-keys/-/eslint-visitor-keys-4.1.0.tgz#1f785cc5e81eb7534523d85922248232077d2f8c"

eslint@^9.0.0:
  version "9.13.0"
  resolved "https://registry.yarnpkg.com/eslint/-/eslint-9.13.0.tgz#7659014b7dda1ff876ecbd990f726e11c61596e6"
  dependencies:
    "@eslint-community/eslint-utils" "^4.2.0"
    "@eslint-community/regexpp" "^4.11.0"
    "@eslint/config-array" "^0.18.0"
    "@eslint/core" "^0.7.0"
    "@eslint/eslintrc" "^3.1.0"
    "@eslint/js" "9.13.0"
    "@eslint/plugin-kit" "^0.2.0"
    "@humanfs/node" "^0.16.5"
    "@humanwhocodes/module-importer" "^1.0.1"
    "@humanwhocodes/retry" "^0.3.1"
    "@types/estree" "^1.0.6"
    "@types/json-schema" "^7.0.15"
    ajv "^6.12.4"
    chalk "^4.0.0"
    cross-spawn "^7.0.2"
    debug "^4.3.2"
    escape-string-regexp "^4.0.0"
    eslint-scope "^8.1.0"
    eslint-visitor-keys "^4.1.0"
    espree "^10.2.0"
    esquery "^1.5.0"
    esutils "^2.0.2"
    fast-deep-equal "^3.1.3"
    file-entry-cache "^8.0.0"
    find-up "^5.0.0"
    glob-parent "^6.0.2"
    ignore "^5.2.0"
    imurmurhash "^0.1.4"
    is-glob "^4.0.0"
    json-stable-stringify-without-jsonify "^1.0.1"
    lodash.merge "^4.6.2"
    minimatch "^3.1.2"
    natural-compare "^1.4.0"
    optionator "^0.9.3"
    text-table "^0.2.0"

espree@^10.0.1, espree@^10.2.0:
  version "10.2.0"
  resolved "https://registry.yarnpkg.com/espree/-/espree-10.2.0.tgz#f4bcead9e05b0615c968e85f83816bc386a45df6"
  dependencies:
    acorn "^8.12.0"
    acorn-jsx "^5.3.2"
    eslint-visitor-keys "^4.1.0"

esquery@^1.5.0:
  version "1.5.0"
  resolved "https://registry.yarnpkg.com/esquery/-/esquery-1.5.0.tgz#6ce17738de8577694edd7361c57182ac8cb0db0b"
  dependencies:
    estraverse "^5.1.0"

esrecurse@^4.3.0:
  version "4.3.0"
  resolved "https://registry.yarnpkg.com/esrecurse/-/esrecurse-4.3.0.tgz#7ad7964d679abb28bee72cec63758b1c5d2c9921"
  dependencies:
    estraverse "^5.2.0"

estraverse@^5.1.0, estraverse@^5.2.0:
  version "5.3.0"
  resolved "https://registry.yarnpkg.com/estraverse/-/estraverse-5.3.0.tgz#2eea5290702f26ab8fe5370370ff86c965d21123"

esutils@^2.0.2:
  version "2.0.3"
  resolved "https://registry.yarnpkg.com/esutils/-/esutils-2.0.3.tgz#74d2eb4de0b8da1293711910d50775b9b710ef64"

expand-tilde@^2.0.2:
  version "2.0.2"
  resolved "https://registry.yarnpkg.com/expand-tilde/-/expand-tilde-2.0.2.tgz#97e801aa052df02454de46b02bf621642cdc8502"
  dependencies:
    homedir-polyfill "^1.0.1"

extend-shallow@^2.0.1:
  version "2.0.1"
  resolved "https://registry.yarnpkg.com/extend-shallow/-/extend-shallow-2.0.1.tgz#51af7d614ad9a9f610ea1bafbb989d6b1c56890f"
  dependencies:
    is-extendable "^0.1.0"

fast-deep-equal@^3.1.1, fast-deep-equal@^3.1.3:
  version "3.1.3"
  resolved "https://registry.yarnpkg.com/fast-deep-equal/-/fast-deep-equal-3.1.3.tgz#3a7d56b559d6cbc3eb512325244e619a65c6c525"

fast-json-patch@^3.0.0-1:
  version "3.1.1"
  resolved "https://registry.yarnpkg.com/fast-json-patch/-/fast-json-patch-3.1.1.tgz#85064ea1b1ebf97a3f7ad01e23f9337e72c66947"

fast-json-stable-stringify@^2.0.0:
  version "2.1.0"
  resolved "https://registry.yarnpkg.com/fast-json-stable-stringify/-/fast-json-stable-stringify-2.1.0.tgz#874bf69c6f404c2b5d99c481341399fd55892633"

fast-levenshtein@^2.0.6:
  version "2.0.6"
  resolved "https://registry.yarnpkg.com/fast-levenshtein/-/fast-levenshtein-2.0.6.tgz#3d8a5c66883a16a30ca8643e851f19baa7797917"

file-entry-cache@^8.0.0:
  version "8.0.0"
  resolved "https://registry.yarnpkg.com/file-entry-cache/-/file-entry-cache-8.0.0.tgz#7787bddcf1131bffb92636c69457bbc0edd6d81f"
  dependencies:
    flat-cache "^4.0.0"

fill-range@^7.1.1:
  version "7.1.1"
  resolved "https://registry.yarnpkg.com/fill-range/-/fill-range-7.1.1.tgz#44265d3cac07e3ea7dc247516380643754a05292"
  dependencies:
    to-regex-range "^5.0.1"

find-up@^5.0.0:
  version "5.0.0"
  resolved "https://registry.yarnpkg.com/find-up/-/find-up-5.0.0.tgz#4c92819ecb7083561e4f4a240a86be5198f536fc"
  dependencies:
    locate-path "^6.0.0"
    path-exists "^4.0.0"

flat-cache@^4.0.0:
  version "4.0.1"
  resolved "https://registry.yarnpkg.com/flat-cache/-/flat-cache-4.0.1.tgz#0ece39fcb14ee012f4b0410bd33dd9c1f011127c"
  dependencies:
    flatted "^3.2.9"
    keyv "^4.5.4"

flatted@^3.2.9:
  version "3.3.1"
  resolved "https://registry.yarnpkg.com/flatted/-/flatted-3.3.1.tgz#21db470729a6734d4997002f439cb308987f567a"

fs-exists-sync@^0.1.0:
  version "0.1.0"
  resolved "https://registry.yarnpkg.com/fs-exists-sync/-/fs-exists-sync-0.1.0.tgz#982d6893af918e72d08dec9e8673ff2b5a8d6add"

function-bind@^1.1.2:
  version "1.1.2"
  resolved "https://registry.yarnpkg.com/function-bind/-/function-bind-1.1.2.tgz#2c02d864d97f3ea6c8830c464cbd11ab6eab7a1c"

get-intrinsic@^1.1.3, get-intrinsic@^1.2.3, get-intrinsic@^1.2.4:
  version "1.2.4"
  resolved "https://registry.yarnpkg.com/get-intrinsic/-/get-intrinsic-1.2.4.tgz#e385f5a4b5227d449c3eabbad05494ef0abbeadd"
  dependencies:
    es-errors "^1.3.0"
    function-bind "^1.1.2"
    has-proto "^1.0.1"
    has-symbols "^1.0.3"
    hasown "^2.0.0"

get-stdin@^6.0.0:
  version "6.0.0"
  resolved "https://registry.yarnpkg.com/get-stdin/-/get-stdin-6.0.0.tgz#9e09bf712b360ab9225e812048f71fde9c89657b"

git-config-path@^1.0.1:
  version "1.0.1"
  resolved "https://registry.yarnpkg.com/git-config-path/-/git-config-path-1.0.1.tgz#6d33f7ed63db0d0e118131503bab3aca47d54664"
  dependencies:
    extend-shallow "^2.0.1"
    fs-exists-sync "^0.1.0"
    homedir-polyfill "^1.0.0"

glob-parent@^6.0.2:
  version "6.0.2"
  resolved "https://registry.yarnpkg.com/glob-parent/-/glob-parent-6.0.2.tgz#6d237d99083950c79290f24c7642a3de9a28f9e3"
  dependencies:
    is-glob "^4.0.3"

globals@^14.0.0:
  version "14.0.0"
  resolved "https://registry.yarnpkg.com/globals/-/globals-14.0.0.tgz#898d7413c29babcf6bafe56fcadded858ada724e"

gopd@^1.0.1:
  version "1.0.1"
  resolved "https://registry.yarnpkg.com/gopd/-/gopd-1.0.1.tgz#29ff76de69dac7489b7c0918a5788e56477c332c"
  dependencies:
    get-intrinsic "^1.1.3"

has-flag@^2.0.0:
  version "2.0.0"
  resolved "https://registry.yarnpkg.com/has-flag/-/has-flag-2.0.0.tgz#e8207af1cc7b30d446cc70b734b5e8be18f88d51"

has-flag@^3.0.0:
  version "3.0.0"
  resolved "https://registry.yarnpkg.com/has-flag/-/has-flag-3.0.0.tgz#b5d454dc2199ae225699f3467e5a07f3b955bafd"

has-flag@^4.0.0:
  version "4.0.0"
  resolved "https://registry.yarnpkg.com/has-flag/-/has-flag-4.0.0.tgz#944771fd9c81c81265c4d6941860da06bb59479b"

has-property-descriptors@^1.0.1:
  version "1.0.2"
  resolved "https://registry.yarnpkg.com/has-property-descriptors/-/has-property-descriptors-1.0.2.tgz#963ed7d071dc7bf5f084c5bfbe0d1b6222586854"
  dependencies:
    es-define-property "^1.0.0"

has-proto@^1.0.1:
  version "1.0.3"
  resolved "https://registry.yarnpkg.com/has-proto/-/has-proto-1.0.3.tgz#b31ddfe9b0e6e9914536a6ab286426d0214f77fd"

has-symbols@^1.0.3:
  version "1.0.3"
  resolved "https://registry.yarnpkg.com/has-symbols/-/has-symbols-1.0.3.tgz#bb7b2c4349251dce87b125f7bdf874aa7c8b39f8"

hasown@^2.0.0:
  version "2.0.1"
  resolved "https://registry.yarnpkg.com/hasown/-/hasown-2.0.1.tgz#26f48f039de2c0f8d3356c223fb8d50253519faa"
  dependencies:
    function-bind "^1.1.2"

homedir-polyfill@^1.0.0, homedir-polyfill@^1.0.1:
  version "1.0.3"
  resolved "https://registry.yarnpkg.com/homedir-polyfill/-/homedir-polyfill-1.0.3.tgz#743298cef4e5af3e194161fbadcc2151d3a058e8"
  dependencies:
    parse-passwd "^1.0.0"

http-proxy-agent@^5.0.0:
  version "5.0.0"
  resolved "https://registry.yarnpkg.com/http-proxy-agent/-/http-proxy-agent-5.0.0.tgz#5129800203520d434f142bc78ff3c170800f2b43"
  dependencies:
    "@tootallnate/once" "2"
    agent-base "6"
    debug "4"

https-proxy-agent@^5.0.1:
  version "5.0.1"
  resolved "https://registry.yarnpkg.com/https-proxy-agent/-/https-proxy-agent-5.0.1.tgz#c59ef224a04fe8b754f3db0063a25ea30d0005d6"
  dependencies:
    agent-base "6"
    debug "4"

hyperlinker@^1.0.0:
  version "1.0.0"
  resolved "https://registry.yarnpkg.com/hyperlinker/-/hyperlinker-1.0.0.tgz#23dc9e38a206b208ee49bc2d6c8ef47027df0c0e"

ignore@^5.2.0:
  version "5.2.0"
  resolved "https://registry.yarnpkg.com/ignore/-/ignore-5.2.0.tgz#6d3bac8fa7fe0d45d9f9be7bac2fc279577e345a"

import-fresh@^3.2.1:
  version "3.3.0"
  resolved "https://registry.yarnpkg.com/import-fresh/-/import-fresh-3.3.0.tgz#37162c25fcb9ebaa2e6e53d5b4d88ce17d9e0c2b"
  dependencies:
    parent-module "^1.0.0"
    resolve-from "^4.0.0"

imurmurhash@^0.1.4:
  version "0.1.4"
  resolved "https://registry.yarnpkg.com/imurmurhash/-/imurmurhash-0.1.4.tgz#9218b9b2b928a238b13dc4fb6b6d576f231453ea"

ini@^1.3.5:
  version "1.3.8"
  resolved "https://registry.yarnpkg.com/ini/-/ini-1.3.8.tgz#a29da425b48806f34767a4efce397269af28432c"

is-extendable@^0.1.0:
  version "0.1.1"
  resolved "https://registry.yarnpkg.com/is-extendable/-/is-extendable-0.1.1.tgz#62b110e289a471418e3ec36a617d472e301dfc89"

is-extglob@^2.1.1:
  version "2.1.1"
  resolved "https://registry.yarnpkg.com/is-extglob/-/is-extglob-2.1.1.tgz#a88c02535791f02ed37c76a1b9ea9773c833f8c2"

is-glob@^4.0.0, is-glob@^4.0.3:
  version "4.0.3"
  resolved "https://registry.yarnpkg.com/is-glob/-/is-glob-4.0.3.tgz#64f61e42cbbb2eec2071a9dac0b28ba1e65d5084"
  dependencies:
    is-extglob "^2.1.1"

is-number@^7.0.0:
  version "7.0.0"
  resolved "https://registry.yarnpkg.com/is-number/-/is-number-7.0.0.tgz#7535345b896734d5f80c4d06c50955527a14f12b"

is-plain-object@^5.0.0:
  version "5.0.0"
  resolved "https://registry.yarnpkg.com/is-plain-object/-/is-plain-object-5.0.0.tgz#4427f50ab3429e9025ea7d52e9043a9ef4159344"

isexe@^2.0.0:
  version "2.0.0"
  resolved "https://registry.yarnpkg.com/isexe/-/isexe-2.0.0.tgz#e8fbf374dc556ff8947a10dcb0572d633f2cfa10"

jquery-simulate@^1.0.2:
  version "1.0.2"
  resolved "https://registry.yarnpkg.com/jquery-simulate/-/jquery-simulate-1.0.2.tgz#2174b859b75123a0ac6d8ab3a9a6fb4ad7e82898"

js-cookie@^3.0.0:
  version "3.0.5"
  resolved "https://registry.yarnpkg.com/js-cookie/-/js-cookie-3.0.5.tgz#0b7e2fd0c01552c58ba86e0841f94dc2557dcdbc"

js-yaml@^4.1.0:
  version "4.1.0"
  resolved "https://registry.yarnpkg.com/js-yaml/-/js-yaml-4.1.0.tgz#c1fb65f8f5017901cdd2c951864ba18458a10602"
  dependencies:
    argparse "^2.0.1"

json-buffer@3.0.1:
  version "3.0.1"
  resolved "https://registry.yarnpkg.com/json-buffer/-/json-buffer-3.0.1.tgz#9338802a30d3b6605fbe0613e094008ca8c05a13"

json-schema-traverse@^0.4.1:
  version "0.4.1"
  resolved "https://registry.yarnpkg.com/json-schema-traverse/-/json-schema-traverse-0.4.1.tgz#69f6a87d9513ab8bb8fe63bdb0979c448e684660"

json-stable-stringify-without-jsonify@^1.0.1:
  version "1.0.1"
  resolved "https://registry.yarnpkg.com/json-stable-stringify-without-jsonify/-/json-stable-stringify-without-jsonify-1.0.1.tgz#9db7b59496ad3f3cfef30a75142d2d930ad72651"

json5@^2.2.3:
  version "2.2.3"
  resolved "https://registry.yarnpkg.com/json5/-/json5-2.2.3.tgz#78cd6f1a19bdc12b73db5ad0c61efd66c1e29283"

jsonpointer@^5.0.0:
  version "5.0.1"
  resolved "https://registry.yarnpkg.com/jsonpointer/-/jsonpointer-5.0.1.tgz#2110e0af0900fd37467b5907ecd13a7884a1b559"

jsonwebtoken@^9.0.0:
  version "9.0.2"
  resolved "https://registry.yarnpkg.com/jsonwebtoken/-/jsonwebtoken-9.0.2.tgz#65ff91f4abef1784697d40952bb1998c504caaf3"
  dependencies:
    jws "^3.2.2"
    lodash.includes "^4.3.0"
    lodash.isboolean "^3.0.3"
    lodash.isinteger "^4.0.4"
    lodash.isnumber "^3.0.3"
    lodash.isplainobject "^4.0.6"
    lodash.isstring "^4.0.1"
    lodash.once "^4.0.0"
    ms "^2.1.1"
    semver "^7.5.4"

jwa@^1.4.1:
  version "1.4.1"
  resolved "https://registry.yarnpkg.com/jwa/-/jwa-1.4.1.tgz#743c32985cb9e98655530d53641b66c8645b039a"
  dependencies:
    buffer-equal-constant-time "1.0.1"
    ecdsa-sig-formatter "1.0.11"
    safe-buffer "^5.0.1"

jws@^3.2.2:
  version "3.2.2"
  resolved "https://registry.yarnpkg.com/jws/-/jws-3.2.2.tgz#001099f3639468c9414000e99995fa52fb478304"
  dependencies:
    jwa "^1.4.1"
    safe-buffer "^5.0.1"

keyv@^4.5.4:
  version "4.5.4"
  resolved "https://registry.yarnpkg.com/keyv/-/keyv-4.5.4.tgz#a879a99e29452f942439f2a405e3af8b31d4de93"
  dependencies:
    json-buffer "3.0.1"

leaflet.locatecontrol@^0.81.0:
  version "0.81.1"
  resolved "https://registry.yarnpkg.com/leaflet.locatecontrol/-/leaflet.locatecontrol-0.81.1.tgz#8aec3124ef5cdda3476fd9013315789b4e301a45"

leaflet@^1.8.0:
  version "1.9.4"
  resolved "https://registry.yarnpkg.com/leaflet/-/leaflet-1.9.4.tgz#23fae724e282fa25745aff82ca4d394748db7d8d"

levn@^0.4.1:
  version "0.4.1"
  resolved "https://registry.yarnpkg.com/levn/-/levn-0.4.1.tgz#ae4562c007473b932a6200d403268dd2fffc6ade"
  dependencies:
    prelude-ls "^1.2.1"
    type-check "~0.4.0"

locate-path@^6.0.0:
  version "6.0.0"
  resolved "https://registry.yarnpkg.com/locate-path/-/locate-path-6.0.0.tgz#55321eb309febbc59c4801d931a72452a681d286"
  dependencies:
    p-locate "^5.0.0"

lodash.find@^4.6.0:
  version "4.6.0"
  resolved "https://registry.yarnpkg.com/lodash.find/-/lodash.find-4.6.0.tgz#cb0704d47ab71789ffa0de8b97dd926fb88b13b1"

lodash.includes@^4.3.0:
  version "4.3.0"
  resolved "https://registry.yarnpkg.com/lodash.includes/-/lodash.includes-4.3.0.tgz#60bb98a87cb923c68ca1e51325483314849f553f"

lodash.isboolean@^3.0.3:
  version "3.0.3"
  resolved "https://registry.yarnpkg.com/lodash.isboolean/-/lodash.isboolean-3.0.3.tgz#6c2e171db2a257cd96802fd43b01b20d5f5870f6"

lodash.isinteger@^4.0.4:
  version "4.0.4"
  resolved "https://registry.yarnpkg.com/lodash.isinteger/-/lodash.isinteger-4.0.4.tgz#619c0af3d03f8b04c31f5882840b77b11cd68343"

lodash.isnumber@^3.0.3:
  version "3.0.3"
  resolved "https://registry.yarnpkg.com/lodash.isnumber/-/lodash.isnumber-3.0.3.tgz#3ce76810c5928d03352301ac287317f11c0b1ffc"

lodash.isobject@^3.0.2:
  version "3.0.2"
  resolved "https://registry.yarnpkg.com/lodash.isobject/-/lodash.isobject-3.0.2.tgz#3c8fb8d5b5bf4bf90ae06e14f2a530a4ed935e1d"

lodash.isplainobject@^4.0.6:
  version "4.0.6"
  resolved "https://registry.yarnpkg.com/lodash.isplainobject/-/lodash.isplainobject-4.0.6.tgz#7c526a52d89b45c45cc690b88163be0497f550cb"

lodash.isstring@^4.0.1:
  version "4.0.1"
  resolved "https://registry.yarnpkg.com/lodash.isstring/-/lodash.isstring-4.0.1.tgz#d527dfb5456eca7cc9bb95d5daeaf88ba54a5451"

lodash.keys@^4.0.8:
  version "4.2.0"
  resolved "https://registry.yarnpkg.com/lodash.keys/-/lodash.keys-4.2.0.tgz#a08602ac12e4fb83f91fc1fb7a360a4d9ba35205"

lodash.mapvalues@^4.6.0:
  version "4.6.0"
  resolved "https://registry.yarnpkg.com/lodash.mapvalues/-/lodash.mapvalues-4.6.0.tgz#1bafa5005de9dd6f4f26668c30ca37230cc9689c"

lodash.memoize@^4.1.2:
  version "4.1.2"
  resolved "https://registry.yarnpkg.com/lodash.memoize/-/lodash.memoize-4.1.2.tgz#bcc6c49a42a2840ed997f323eada5ecd182e0bfe"

lodash.merge@^4.6.2:
  version "4.6.2"
  resolved "https://registry.yarnpkg.com/lodash.merge/-/lodash.merge-4.6.2.tgz#558aa53b43b661e1925a0afdfa36a9a1085fe57a"

lodash.once@^4.0.0:
  version "4.1.1"
  resolved "https://registry.yarnpkg.com/lodash.once/-/lodash.once-4.1.1.tgz#0dd3971213c7c56df880977d504c88fb471a97ac"

memfs-or-file-map-to-github-branch@^1.2.1:
  version "1.2.1"
  resolved "https://registry.yarnpkg.com/memfs-or-file-map-to-github-branch/-/memfs-or-file-map-to-github-branch-1.2.1.tgz#fdb9a85408262316a9bd5567409bf89be7d72f96"
  dependencies:
    "@octokit/rest" "^16.43.0 || ^17.11.0 || ^18.12.0"

micromatch@^4.0.4:
  version "4.0.8"
  resolved "https://registry.yarnpkg.com/micromatch/-/micromatch-4.0.8.tgz#d66fa18f3a47076789320b9b1af32bd86d9fa202"
  dependencies:
    braces "^3.0.3"
    picomatch "^2.3.1"

minimatch@^3.1.2:
  version "3.1.2"
  resolved "https://registry.yarnpkg.com/minimatch/-/minimatch-3.1.2.tgz#19cd194bfd3e428f049a70817c038d89ab4be35b"
  dependencies:
    brace-expansion "^1.1.7"

minimist@^1.2.0:
  version "1.2.8"
  resolved "https://registry.yarnpkg.com/minimist/-/minimist-1.2.8.tgz#c1a464e7693302e082a075cee0c057741ac4772c"

ms@2.1.2:
  version "2.1.2"
  resolved "https://registry.yarnpkg.com/ms/-/ms-2.1.2.tgz#d09d1f357b443f493382a8eb3ccd183872ae6009"

ms@^2.1.1, ms@^2.1.3:
  version "2.1.3"
  resolved "https://registry.yarnpkg.com/ms/-/ms-2.1.3.tgz#574c8138ce1d2b5861f0b44579dbadd60c6615b2"

natural-compare@^1.4.0:
  version "1.4.0"
  resolved "https://registry.yarnpkg.com/natural-compare/-/natural-compare-1.4.0.tgz#4abebfeed7541f2c27acfb29bdbbd15c8d5ba4f7"

node-cleanup@^2.1.2:
  version "2.1.2"
  resolved "https://registry.yarnpkg.com/node-cleanup/-/node-cleanup-2.1.2.tgz#7ac19abd297e09a7f72a71545d951b517e4dde2c"

node-fetch@^2.6.7:
  version "2.7.0"
  resolved "https://registry.yarnpkg.com/node-fetch/-/node-fetch-2.7.0.tgz#d0f0fa6e3e2dc1d27efcd8ad99d550bda94d187d"
  dependencies:
    whatwg-url "^5.0.0"

object-inspect@^1.13.1:
  version "1.13.1"
  resolved "https://registry.yarnpkg.com/object-inspect/-/object-inspect-1.13.1.tgz#b96c6109324ccfef6b12216a956ca4dc2ff94bc2"

once@^1.4.0:
  version "1.4.0"
  resolved "https://registry.yarnpkg.com/once/-/once-1.4.0.tgz#583b1aa775961d4b113ac17d9c50baef9dd76bd1"
  dependencies:
    wrappy "1"

optionator@^0.9.3:
  version "0.9.3"
  resolved "https://registry.yarnpkg.com/optionator/-/optionator-0.9.3.tgz#007397d44ed1872fdc6ed31360190f81814e2c64"
  dependencies:
    "@aashutoshrathi/word-wrap" "^1.2.3"
    deep-is "^0.1.3"
    fast-levenshtein "^2.0.6"
    levn "^0.4.1"
    prelude-ls "^1.2.1"
    type-check "^0.4.0"

osm-community-index@^5.2.0:
  version "5.8.1"
  resolved "https://registry.yarnpkg.com/osm-community-index/-/osm-community-index-5.8.1.tgz#49592fb4351008f5718437219857aca6f1ecfec1"
  dependencies:
    diacritics "^1.3.0"

override-require@^1.1.1:
  version "1.1.1"
  resolved "https://registry.yarnpkg.com/override-require/-/override-require-1.1.1.tgz#6ae22fadeb1f850ffb0cf4c20ff7b87e5eb650df"

p-limit@^2.1.0:
  version "2.3.0"
  resolved "https://registry.yarnpkg.com/p-limit/-/p-limit-2.3.0.tgz#3dd33c647a214fdfffd835933eb086da0dc21db1"
  dependencies:
    p-try "^2.0.0"

p-limit@^3.0.2:
  version "3.1.0"
  resolved "https://registry.yarnpkg.com/p-limit/-/p-limit-3.1.0.tgz#e1daccbe78d0d1388ca18c64fea38e3e57e3706b"
  dependencies:
    yocto-queue "^0.1.0"

p-locate@^5.0.0:
  version "5.0.0"
  resolved "https://registry.yarnpkg.com/p-locate/-/p-locate-5.0.0.tgz#83c8315c6785005e3bd021839411c9e110e6d834"
  dependencies:
    p-limit "^3.0.2"

p-try@^2.0.0:
  version "2.2.0"
  resolved "https://registry.yarnpkg.com/p-try/-/p-try-2.2.0.tgz#cb2868540e313d61de58fafbe35ce9004d5540e6"

parent-module@^1.0.0:
  version "1.0.1"
  resolved "https://registry.yarnpkg.com/parent-module/-/parent-module-1.0.1.tgz#691d2709e78c79fae3a156622452d00762caaaa2"
  dependencies:
    callsites "^3.0.0"

parse-diff@^0.7.0:
  version "0.7.1"
  resolved "https://registry.yarnpkg.com/parse-diff/-/parse-diff-0.7.1.tgz#9b7a2451c3725baf2c87c831ba192d40ee2237d4"

parse-git-config@^2.0.3:
  version "2.0.3"
  resolved "https://registry.yarnpkg.com/parse-git-config/-/parse-git-config-2.0.3.tgz#6fb840d4a956e28b971c97b33a5deb73a6d5b6bb"
  dependencies:
    expand-tilde "^2.0.2"
    git-config-path "^1.0.1"
    ini "^1.3.5"

parse-github-url@^1.0.2:
  version "1.0.3"
  resolved "https://registry.yarnpkg.com/parse-github-url/-/parse-github-url-1.0.3.tgz#2ab55642c8685b63fbe2a196f5abe4ae9bd68abc"

parse-link-header@^2.0.0:
  version "2.0.0"
  resolved "https://registry.yarnpkg.com/parse-link-header/-/parse-link-header-2.0.0.tgz#949353e284f8aa01f2ac857a98f692b57733f6b7"
  dependencies:
    xtend "~4.0.1"

parse-passwd@^1.0.0:
  version "1.0.0"
  resolved "https://registry.yarnpkg.com/parse-passwd/-/parse-passwd-1.0.0.tgz#6d5b934a456993b23d37f40a382d6f1666a8e5c6"

path-exists@^4.0.0:
  version "4.0.0"
  resolved "https://registry.yarnpkg.com/path-exists/-/path-exists-4.0.0.tgz#513bdbe2d3b95d7762e8c1137efa195c6c61b5b3"

path-key@^3.1.0:
  version "3.1.1"
  resolved "https://registry.yarnpkg.com/path-key/-/path-key-3.1.1.tgz#581f6ade658cbba65a0d3380de7753295054f375"

picomatch@^2.3.1:
  version "2.3.1"
  resolved "https://registry.yarnpkg.com/picomatch/-/picomatch-2.3.1.tgz#3ba3833733646d9d3e4995946c1365a67fb07a42"

pinpoint@^1.1.0:
  version "1.1.0"
  resolved "https://registry.yarnpkg.com/pinpoint/-/pinpoint-1.1.0.tgz#0cf7757a6977f1bf7f6a32207b709e377388e874"

prelude-ls@^1.2.1:
  version "1.2.1"
  resolved "https://registry.yarnpkg.com/prelude-ls/-/prelude-ls-1.2.1.tgz#debc6489d7a6e6b0e7611888cec880337d316396"

prettyjson@^1.2.1:
  version "1.2.5"
  resolved "https://registry.yarnpkg.com/prettyjson/-/prettyjson-1.2.5.tgz#ef3cfffcc70505c032abc59785884b4027031835"
  dependencies:
    colors "1.4.0"
    minimist "^1.2.0"

punycode@^2.1.0:
  version "2.1.1"
  resolved "https://registry.yarnpkg.com/punycode/-/punycode-2.1.1.tgz#b58b010ac40c22c5657616c8d2c2c02c7bf479ec"

qs@^6.11.1, qs@^6.9.4:
  version "6.13.0"
  resolved "https://registry.yarnpkg.com/qs/-/qs-6.13.0.tgz#6ca3bd58439f7e245655798997787b0d88a51906"
  dependencies:
    side-channel "^1.0.6"

readline-sync@^1.4.9:
  version "1.4.10"
  resolved "https://registry.yarnpkg.com/readline-sync/-/readline-sync-1.4.10.tgz#41df7fbb4b6312d673011594145705bf56d8873b"

regenerator-runtime@^0.13.9:
  version "0.13.11"
  resolved "https://registry.yarnpkg.com/regenerator-runtime/-/regenerator-runtime-0.13.11.tgz#f6dca3e7ceec20590d07ada785636a90cdca17f9"

require-from-string@^2.0.2:
  version "2.0.2"
  resolved "https://registry.yarnpkg.com/require-from-string/-/require-from-string-2.0.2.tgz#89a7fdd938261267318eafe14f9c32e598c36909"

resolve-from@^4.0.0:
  version "4.0.0"
  resolved "https://registry.yarnpkg.com/resolve-from/-/resolve-from-4.0.0.tgz#4abcd852ad32dd7baabfe9b40e00a36db5f392e6"

retry@0.12.0:
  version "0.12.0"
  resolved "https://registry.yarnpkg.com/retry/-/retry-0.12.0.tgz#1b42a6266a21f07421d1b0b54b7dc167b01c013b"

safe-buffer@^5.0.1:
  version "5.2.1"
  resolved "https://registry.yarnpkg.com/safe-buffer/-/safe-buffer-5.2.1.tgz#1eaf9fa9bdb1fdd4ec75f58f9cdb4e6b7827eec6"

semver@^7.5.4:
  version "7.6.3"
  resolved "https://registry.yarnpkg.com/semver/-/semver-7.6.3.tgz#980f7b5550bc175fb4dc09403085627f9eb33143"

set-function-length@^1.2.1:
  version "1.2.1"
  resolved "https://registry.yarnpkg.com/set-function-length/-/set-function-length-1.2.1.tgz#47cc5945f2c771e2cf261c6737cf9684a2a5e425"
  dependencies:
    define-data-property "^1.1.2"
    es-errors "^1.3.0"
    function-bind "^1.1.2"
    get-intrinsic "^1.2.3"
    gopd "^1.0.1"
    has-property-descriptors "^1.0.1"

shebang-command@^2.0.0:
  version "2.0.0"
  resolved "https://registry.yarnpkg.com/shebang-command/-/shebang-command-2.0.0.tgz#ccd0af4f8835fbdc265b82461aaf0c36663f34ea"
  dependencies:
    shebang-regex "^3.0.0"

shebang-regex@^3.0.0:
  version "3.0.0"
  resolved "https://registry.yarnpkg.com/shebang-regex/-/shebang-regex-3.0.0.tgz#ae16f1644d873ecad843b0307b143362d4c42172"

side-channel@^1.0.6:
  version "1.0.6"
  resolved "https://registry.yarnpkg.com/side-channel/-/side-channel-1.0.6.tgz#abd25fb7cd24baf45466406b1096b7831c9215f2"
  dependencies:
    call-bind "^1.0.7"
    es-errors "^1.3.0"
    get-intrinsic "^1.2.4"
    object-inspect "^1.13.1"

strip-json-comments@^3.1.1:
  version "3.1.1"
  resolved "https://registry.yarnpkg.com/strip-json-comments/-/strip-json-comments-3.1.1.tgz#31f1281b3832630434831c310c01cccda8cbe006"

supports-color@^5.0.0, supports-color@^5.3.0:
  version "5.5.0"
  resolved "https://registry.yarnpkg.com/supports-color/-/supports-color-5.5.0.tgz#e2e69a44ac8772f78a1ec0b35b689df6530efc8f"
  dependencies:
    has-flag "^3.0.0"

supports-color@^7.1.0:
  version "7.2.0"
  resolved "https://registry.yarnpkg.com/supports-color/-/supports-color-7.2.0.tgz#1b7dcdcb32b8138801b3e478ba6a51caa89648da"
  dependencies:
    has-flag "^4.0.0"

supports-hyperlinks@^1.0.1:
  version "1.0.1"
  resolved "https://registry.yarnpkg.com/supports-hyperlinks/-/supports-hyperlinks-1.0.1.tgz#71daedf36cc1060ac5100c351bb3da48c29c0ef7"
  dependencies:
    has-flag "^2.0.0"
    supports-color "^5.0.0"

text-table@^0.2.0:
  version "0.2.0"
  resolved "https://registry.yarnpkg.com/text-table/-/text-table-0.2.0.tgz#7f5ee823ae805207c00af2df4a84ec3fcfa570b4"

to-regex-range@^5.0.1:
  version "5.0.1"
  resolved "https://registry.yarnpkg.com/to-regex-range/-/to-regex-range-5.0.1.tgz#1648c44aae7c8d988a326018ed72f5b4dd0392e4"
  dependencies:
    is-number "^7.0.0"

tr46@~0.0.3:
  version "0.0.3"
  resolved "https://registry.yarnpkg.com/tr46/-/tr46-0.0.3.tgz#8184fd347dac9cdc185992f3a6622e14b9d9ab6a"

type-check@^0.4.0, type-check@~0.4.0:
  version "0.4.0"
  resolved "https://registry.yarnpkg.com/type-check/-/type-check-0.4.0.tgz#07b8203bfa7056c0657050e3ccd2c37730bab8f1"
  dependencies:
    prelude-ls "^1.2.1"

universal-user-agent@^6.0.0:
  version "6.0.1"
  resolved "https://registry.yarnpkg.com/universal-user-agent/-/universal-user-agent-6.0.1.tgz#15f20f55da3c930c57bddbf1734c6654d5fd35aa"

uri-js@^4.2.2:
  version "4.4.1"
  resolved "https://registry.yarnpkg.com/uri-js/-/uri-js-4.4.1.tgz#9b1a52595225859e55f669d928f88c6c57f2a77e"
  dependencies:
    punycode "^2.1.0"

webidl-conversions@^3.0.0:
  version "3.0.1"
  resolved "https://registry.yarnpkg.com/webidl-conversions/-/webidl-conversions-3.0.1.tgz#24534275e2a7bc6be7bc86611cc16ae0a5654871"

whatwg-url@^5.0.0:
  version "5.0.0"
  resolved "https://registry.yarnpkg.com/whatwg-url/-/whatwg-url-5.0.0.tgz#966454e8765462e37644d3626f6742ce8b70965d"
  dependencies:
    tr46 "~0.0.3"
    webidl-conversions "^3.0.0"

which@^2.0.1:
  version "2.0.2"
  resolved "https://registry.yarnpkg.com/which/-/which-2.0.2.tgz#7c6a8dd0a636a0327e10b59c9286eee93f3f51b1"
  dependencies:
    isexe "^2.0.0"

wrappy@1:
  version "1.0.2"
  resolved "https://registry.yarnpkg.com/wrappy/-/wrappy-1.0.2.tgz#b5243d8f3ec1aa35f1364605bc0d1036e30ab69f"

xcase@^2.0.1:
  version "2.0.1"
  resolved "https://registry.yarnpkg.com/xcase/-/xcase-2.0.1.tgz#c7fa72caa0f440db78fd5673432038ac984450b9"

xtend@~4.0.1:
  version "4.0.2"
  resolved "https://registry.yarnpkg.com/xtend/-/xtend-4.0.2.tgz#bb72779f5fa465186b1f438f674fa347fdb5db54"

yocto-queue@^0.1.0:
  version "0.1.0"
  resolved "https://registry.yarnpkg.com/yocto-queue/-/yocto-queue-0.1.0.tgz#0294eb3dee05028d31ee1a5fa2c556a6aaf10a1b"
